// !$*UTF8*$!
{
	archiveVersion = 1;
	classes = {
	};
	objectVersion = 50;
	objects = {

/* Begin PBXBuildFile section */
		F826862F23601D0C0001DF26 /* AppDelegate.swift in Sources */ = {isa = PBXBuildFile; fileRef = F826862E23601D0C0001DF26 /* AppDelegate.swift */; };
		F826863123601D0C0001DF26 /* SceneDelegate.swift in Sources */ = {isa = PBXBuildFile; fileRef = F826863023601D0C0001DF26 /* SceneDelegate.swift */; };
		F826863323601D0C0001DF26 /* ViewController.swift in Sources */ = {isa = PBXBuildFile; fileRef = F826863223601D0C0001DF26 /* ViewController.swift */; };
		F826863623601D0C0001DF26 /* Main.storyboard in Resources */ = {isa = PBXBuildFile; fileRef = F826863423601D0C0001DF26 /* Main.storyboard */; };
		F826863823601D0E0001DF26 /* Assets.xcassets in Resources */ = {isa = PBXBuildFile; fileRef = F826863723601D0E0001DF26 /* Assets.xcassets */; };
		F826863B23601D0E0001DF26 /* LaunchScreen.storyboard in Resources */ = {isa = PBXBuildFile; fileRef = F826863923601D0E0001DF26 /* LaunchScreen.storyboard */; };
		F83B6D3B2360444300DC4334 /* Concentration.swift in Sources */ = {isa = PBXBuildFile; fileRef = F83B6D3A2360444300DC4334 /* Concentration.swift */; };
		F83B6D3D2360450900DC4334 /* Card.swift in Sources */ = {isa = PBXBuildFile; fileRef = F83B6D3C2360450900DC4334 /* Card.swift */; };
/* End PBXBuildFile section */

/* Begin PBXFileReference section */
		F826862B23601D0C0001DF26 /* SW1.app */ = {isa = PBXFileReference; explicitFileType = wrapper.application; includeInIndex = 0; path = SW1.app; sourceTree = BUILT_PRODUCTS_DIR; };
		F826862E23601D0C0001DF26 /* AppDelegate.swift */ = {isa = PBXFileReference; lastKnownFileType = sourcecode.swift; name = AppDelegate.swift; path = "Supporting Files/AppDelegate.swift"; sourceTree = "<group>"; };
		F826863023601D0C0001DF26 /* SceneDelegate.swift */ = {isa = PBXFileReference; lastKnownFileType = sourcecode.swift; path = SceneDelegate.swift; sourceTree = "<group>"; };
		F826863223601D0C0001DF26 /* ViewController.swift */ = {isa = PBXFileReference; lastKnownFileType = sourcecode.swift; path = ViewController.swift; sourceTree = "<group>"; };
		F826863523601D0C0001DF26 /* Base */ = {isa = PBXFileReference; lastKnownFileType = file.storyboard; name = Base; path = Base.lproj/Main.storyboard; sourceTree = "<group>"; };
		F826863723601D0E0001DF26 /* Assets.xcassets */ = {isa = PBXFileReference; lastKnownFileType = folder.assetcatalog; path = Assets.xcassets; sourceTree = "<group>"; };
		F826863A23601D0E0001DF26 /* Base */ = {isa = PBXFileReference; lastKnownFileType = file.storyboard; name = Base; path = Base.lproj/LaunchScreen.storyboard; sourceTree = "<group>"; };
		F826863C23601D0E0001DF26 /* Info.plist */ = {isa = PBXFileReference; lastKnownFileType = text.plist.xml; path = Info.plist; sourceTree = "<group>"; };
		F83B6D3A2360444300DC4334 /* Concentration.swift */ = {isa = PBXFileReference; lastKnownFileType = sourcecode.swift; path = Concentration.swift; sourceTree = "<group>"; };
		F83B6D3C2360450900DC4334 /* Card.swift */ = {isa = PBXFileReference; lastKnownFileType = sourcecode.swift; path = Card.swift; sourceTree = "<group>"; };
/* End PBXFileReference section */

/* Begin PBXFrameworksBuildPhase section */
		F826862823601D0B0001DF26 /* Frameworks */ = {
			isa = PBXFrameworksBuildPhase;
			buildActionMask = 2147483647;
			files = (
			);
			runOnlyForDeploymentPostprocessing = 0;
		};
/* End PBXFrameworksBuildPhase section */

/* Begin PBXGroup section */
		F826862223601D0B0001DF26 = {
			isa = PBXGroup;
			children = (
				F826862D23601D0C0001DF26 /* SW1 */,
				F826862C23601D0C0001DF26 /* Products */,
			);
			sourceTree = "<group>";
		};
		F826862C23601D0C0001DF26 /* Products */ = {
			isa = PBXGroup;
			children = (
				F826862B23601D0C0001DF26 /* SW1.app */,
			);
			name = Products;
			sourceTree = "<group>";
		};
		F826862D23601D0C0001DF26 /* SW1 */ = {
			isa = PBXGroup;
			children = (
				F826864323601ECD0001DF26 /* Supporting Files */,
				F826862E23601D0C0001DF26 /* AppDelegate.swift */,
				F826863023601D0C0001DF26 /* SceneDelegate.swift */,
				F826863223601D0C0001DF26 /* ViewController.swift */,
				F826863423601D0C0001DF26 /* Main.storyboard */,
				F826863723601D0E0001DF26 /* Assets.xcassets */,
				F826863923601D0E0001DF26 /* LaunchScreen.storyboard */,
				F826863C23601D0E0001DF26 /* Info.plist */,
				F83B6D3A2360444300DC4334 /* Concentration.swift */,
				F83B6D3C2360450900DC4334 /* Card.swift */,
			);
			path = SW1;
			sourceTree = "<group>";
		};
		F826864323601ECD0001DF26 /* Supporting Files */ = {
			isa = PBXGroup;
			children = (
			);
			path = "Supporting Files";
			sourceTree = "<group>";
		};
/* End PBXGroup section */

/* Begin PBXNativeTarget section */
		F826862A23601D0B0001DF26 /* SW1 */ = {
			isa = PBXNativeTarget;
			buildConfigurationList = F826863F23601D0E0001DF26 /* Build configuration list for PBXNativeTarget "SW1" */;
			buildPhases = (
				F826862723601D0B0001DF26 /* Sources */,
				F826862823601D0B0001DF26 /* Frameworks */,
				F826862923601D0B0001DF26 /* Resources */,
			);
			buildRules = (
			);
			dependencies = (
			);
			name = SW1;
			productName = SW1;
			productReference = F826862B23601D0C0001DF26 /* SW1.app */;
			productType = "com.apple.product-type.application";
		};
/* End PBXNativeTarget section */

/* Begin PBXProject section */
		F826862323601D0B0001DF26 /* Project object */ = {
			isa = PBXProject;
			attributes = {
				LastSwiftUpdateCheck = 1100;
				LastUpgradeCheck = 1100;
				ORGANIZATIONNAME = "王康力";
				TargetAttributes = {
					F826862A23601D0B0001DF26 = {
						CreatedOnToolsVersion = 11.0;
					};
				};
			};
			buildConfigurationList = F826862623601D0B0001DF26 /* Build configuration list for PBXProject "SW1" */;
			compatibilityVersion = "Xcode 9.3";
			developmentRegion = en;
			hasScannedForEncodings = 0;
			knownRegions = (
				en,
				Base,
			);
			mainGroup = F826862223601D0B0001DF26;
			productRefGroup = F826862C23601D0C0001DF26 /* Products */;
			projectDirPath = "";
			projectRoot = "";
			targets = (
				F826862A23601D0B0001DF26 /* SW1 */,
			);
		};
/* End PBXProject section */

/* Begin PBXResourcesBuildPhase section */
		F826862923601D0B0001DF26 /* Resources */ = {
			isa = PBXResourcesBuildPhase;
			buildActionMask = 2147483647;
			files = (
				F826863B23601D0E0001DF26 /* LaunchScreen.storyboard in Resources */,
				F826863823601D0E0001DF26 /* Assets.xcassets in Resources */,
				F826863623601D0C0001DF26 /* Main.storyboard in Resources */,
			);
			runOnlyForDeploymentPostprocessing = 0;
		};
/* End PBXResourcesBuildPhase section */

/* Begin PBXSourcesBuildPhase section */
		F826862723601D0B0001DF26 /* Sources */ = {
			isa = PBXSourcesBuildPhase;
			buildActionMask = 2147483647;
			files = (
				F826863323601D0C0001DF26 /* ViewController.swift in Sources */,
				F83B6D3B2360444300DC4334 /* Concentration.swift in Sources */,
				F83B6D3D2360450900DC4334 /* Card.swift in Sources */,
				F826862F23601D0C0001DF26 /* AppDelegate.swift in Sources */,
				F826863123601D0C0001DF26 /* SceneDelegate.swift in Sources */,
			);
			runOnlyForDeploymentPostprocessing = 0;
		};
/* End PBXSourcesBuildPhase section */

/* Begin PBXVariantGroup section */
		F826863423601D0C0001DF26 /* Main.storyboard */ = {
			isa = PBXVariantGroup;
			children = (
				F826863523601D0C0001DF26 /* Base */,
			);
			name = Main.storyboard;
			sourceTree = "<group>";
		};
		F826863923601D0E0001DF26 /* LaunchScreen.storyboard */ = {
			isa = PBXVariantGroup;
			children = (
				F826863A23601D0E0001DF26 /* Base */,
			);
			name = LaunchScreen.storyboard;
			sourceTree = "<group>";
		};
/* End PBXVariantGroup section */

/* Begin XCBuildConfiguration section */
		F826863D23601D0E0001DF26 /* Debug */ = {
			isa = XCBuildConfiguration;
			buildSettings = {
				ALWAYS_SEARCH_USER_PATHS = NO;
				CLANG_ANALYZER_NONNULL = YES;
				CLANG_ANALYZER_NUMBER_OBJECT_CONVERSION = YES_AGGRESSIVE;
				CLANG_CXX_LANGUAGE_STANDARD = "gnu++14";
				CLANG_CXX_LIBRARY = "libc++";
				CLANG_ENABLE_MODULES = YES;
				CLANG_ENABLE_OBJC_ARC = YES;
				CLANG_ENABLE_OBJC_WEAK = YES;
				CLANG_WARN_BLOCK_CAPTURE_AUTORELEASING = YES;
				CLANG_WARN_BOOL_CONVERSION = YES;
				CLANG_WARN_COMMA = YES;
				CLANG_WARN_CONSTANT_CONVERSION = YES;
				CLANG_WARN_DEPRECATED_OBJC_IMPLEMENTATIONS = YES;
				CLANG_WARN_DIRECT_OBJC_ISA_USAGE = YES_ERROR;
				CLANG_WARN_DOCUMENTATION_COMMENTS = YES;
				CLANG_WARN_EMPTY_BODY = YES;
				CLANG_WARN_ENUM_CONVERSION = YES;
				CLANG_WARN_INFINITE_RECURSION = YES;
				CLANG_WARN_INT_CONVERSION = YES;
				CLANG_WARN_NON_LITERAL_NULL_CONVERSION = YES;
				CLANG_WARN_OBJC_IMPLICIT_RETAIN_SELF = YES;
				CLANG_WARN_OBJC_LITERAL_CONVERSION = YES;
				CLANG_WARN_OBJC_ROOT_CLASS = YES_ERROR;
				CLANG_WARN_RANGE_LOOP_ANALYSIS = YES;
				CLANG_WARN_STRICT_PROTOTYPES = YES;
				CLANG_WARN_SUSPICIOUS_MOVE = YES;
				CLANG_WARN_UNGUARDED_AVAILABILITY = YES_AGGRESSIVE;
				CLANG_WARN_UNREACHABLE_CODE = YES;
				CLANG_WARN__DUPLICATE_METHOD_MATCH = YES;
				COPY_PHASE_STRIP = NO;
				DEBUG_INFORMATION_FORMAT = dwarf;
				ENABLE_STRICT_OBJC_MSGSEND = YES;
				ENABLE_TESTABILITY = YES;
				GCC_C_LANGUAGE_STANDARD = gnu11;
				GCC_DYNAMIC_NO_PIC = NO;
				GCC_NO_COMMON_BLOCKS = YES;
				GCC_OPTIMIZATION_LEVEL = 0;
				GCC_PREPROCESSOR_DEFINITIONS = (
					"DEBUG=1",
					"$(inherited)",
				);
				GCC_WARN_64_TO_32_BIT_CONVERSION = YES;
				GCC_WARN_ABOUT_RETURN_TYPE = YES_ERROR;
				GCC_WARN_UNDECLARED_SELECTOR = YES;
				GCC_WARN_UNINITIALIZED_AUTOS = YES_AGGRESSIVE;
				GCC_WARN_UNUSED_FUNCTION = YES;
				GCC_WARN_UNUSED_VARIABLE = YES;
				IPHONEOS_DEPLOYMENT_TARGET = 13.0;
				MTL_ENABLE_DEBUG_INFO = INCLUDE_SOURCE;
				MTL_FAST_MATH = YES;
				ONLY_ACTIVE_ARCH = YES;
				SDKROOT = iphoneos;
				SWIFT_ACTIVE_COMPILATION_CONDITIONS = DEBUG;
				SWIFT_OPTIMIZATION_LEVEL = "-Onone";
			};
			name = Debug;
		};
		F826863E23601D0E0001DF26 /* Release */ = {
			isa = XCBuildConfiguration;
			buildSettings = {
				ALWAYS_SEARCH_USER_PATHS = NO;
				CLANG_ANALYZER_NONNULL = YES;
				CLANG_ANALYZER_NUMBER_OBJECT_CONVERSION = YES_AGGRESSIVE;
				CLANG_CXX_LANGUAGE_STANDARD = "gnu++14";
				CLANG_CXX_LIBRARY = "libc++";
				CLANG_ENABLE_MODULES = YES;
				CLANG_ENABLE_OBJC_ARC = YES;
				CLANG_ENABLE_OBJC_WEAK = YES;
				CLANG_WARN_BLOCK_CAPTURE_AUTORELEASING = YES;
				CLANG_WARN_BOOL_CONVERSION = YES;
				CLANG_WARN_COMMA = YES;
				CLANG_WARN_CONSTANT_CONVERSION = YES;
				CLANG_WARN_DEPRECATED_OBJC_IMPLEMENTATIONS = YES;
				CLANG_WARN_DIRECT_OBJC_ISA_USAGE = YES_ERROR;
				CLANG_WARN_DOCUMENTATION_COMMENTS = YES;
				CLANG_WARN_EMPTY_BODY = YES;
				CLANG_WARN_ENUM_CONVERSION = YES;
				CLANG_WARN_INFINITE_RECURSION = YES;
				CLANG_WARN_INT_CONVERSION = YES;
				CLANG_WARN_NON_LITERAL_NULL_CONVERSION = YES;
				CLANG_WARN_OBJC_IMPLICIT_RETAIN_SELF = YES;
				CLANG_WARN_OBJC_LITERAL_CONVERSION = YES;
				CLANG_WARN_OBJC_ROOT_CLASS = YES_ERROR;
				CLANG_WARN_RANGE_LOOP_ANALYSIS = YES;
				CLANG_WARN_STRICT_PROTOTYPES = YES;
				CLANG_WARN_SUSPICIOUS_MOVE = YES;
				CLANG_WARN_UNGUARDED_AVAILABILITY = YES_AGGRESSIVE;
				CLANG_WARN_UNREACHABLE_CODE = YES;
				CLANG_WARN__DUPLICATE_METHOD_MATCH = YES;
				COPY_PHASE_STRIP = NO;
				DEBUG_INFORMATION_FORMAT = "dwarf-with-dsym";
				ENABLE_NS_ASSERTIONS = NO;
				ENABLE_STRICT_OBJC_MSGSEND = YES;
				GCC_C_LANGUAGE_STANDARD = gnu11;
				GCC_NO_COMMON_BLOCKS = YES;
				GCC_WARN_64_TO_32_BIT_CONVERSION = YES;
				GCC_WARN_ABOUT_RETURN_TYPE = YES_ERROR;
				GCC_WARN_UNDECLARED_SELECTOR = YES;
				GCC_WARN_UNINITIALIZED_AUTOS = YES_AGGRESSIVE;
				GCC_WARN_UNUSED_FUNCTION = YES;
				GCC_WARN_UNUSED_VARIABLE = YES;
				IPHONEOS_DEPLOYMENT_TARGET = 13.0;
				MTL_ENABLE_DEBUG_INFO = NO;
				MTL_FAST_MATH = YES;
				SDKROOT = iphoneos;
				SWIFT_COMPILATION_MODE = wholemodule;
				SWIFT_OPTIMIZATION_LEVEL = "-O";
				VALIDATE_PRODUCT = YES;
			};
			name = Release;
		};
		F826864023601D0E0001DF26 /* Debug */ = {
			isa = XCBuildConfiguration;
			buildSettings = {
				ASSETCATALOG_COMPILER_APPICON_NAME = AppIcon;
				CODE_SIGN_STYLE = Automatic;
				DEVELOPMENT_TEAM = 8B96BG4ZMJ;
				INFOPLIST_FILE = SW1/Info.plist;
				LD_RUNPATH_SEARCH_PATHS = (
					"$(inherited)",
					"@executable_path/Frameworks",
				);
				PRODUCT_BUNDLE_IDENTIFIER = cn.wkl.SW1;
				PRODUCT_NAME = "$(TARGET_NAME)";
				SWIFT_VERSION = 5.0;
				TARGETED_DEVICE_FAMILY = "1,2";
			};
			name = Debug;
		};
		F826864123601D0E0001DF26 /* Release */ = {
			isa = XCBuildConfiguration;
			buildSettings = {
				ASSETCATALOG_COMPILER_APPICON_NAME = AppIcon;
				CODE_SIGN_STYLE = Automatic;
				DEVELOPMENT_TEAM = 8B96BG4ZMJ;
				INFOPLIST_FILE = SW1/Info.plist;
				LD_RUNPATH_SEARCH_PATHS = (
					"$(inherited)",
					"@executable_path/Frameworks",
				);
				PRODUCT_BUNDLE_IDENTIFIER = cn.wkl.SW1;
				PRODUCT_NAME = "$(TARGET_NAME)";
				SWIFT_VERSION = 5.0;
				TARGETED_DEVICE_FAMILY = "1,2";
			};
			name = Release;
		};
/* End XCBuildConfiguration section */

/* Begin XCConfigurationList section */
		F826862623601D0B0001DF26 /* Build configuration list for PBXProject "SW1" */ = {
			isa = XCConfigurationList;
			buildConfigurations = (
				F826863D23601D0E0001DF26 /* Debug */,
				F826863E23601D0E0001DF26 /* Release */,
			);
			defaultConfigurationIsVisible = 0;
			defaultConfigurationName = Release;
		};
		F826863F23601D0E0001DF26 /* Build configuration list for PBXNativeTarget "SW1" */ = {
			isa = XCConfigurationList;
			buildConfigurations = (
				F826864023601D0E0001DF26 /* Debug */,
				F826864123601D0E0001DF26 /* Release */,
			);
			defaultConfigurationIsVisible = 0;
			defaultConfigurationName = Release;
		};
/* End XCConfigurationList section */
	};
	rootObject = F826862323601D0B0001DF26 /* Project object */;
}
